
Microsoft Visual Studio Solution File, Format Version 12.00
# Visual Studio Version 17
VisualStudioVersion = 17.4.33110.190
MinimumVisualStudioVersion = 10.0.40219.1
Project("{FAE04EC0-301F-11D3-BF4B-00C04F79EFBC}") = "tabla_03", "tabla_03.csproj", "{237267C3-6C13-4AEF-A56A-A21F710E21E6}"
EndProject
Global
	GlobalSection(SolutionConfigurationPlatforms) = preSolution
		Debug|Any CPU = Debug|Any CPU
		Release|Any CPU = Release|Any CPU
	EndGlobalSection
	GlobalSection(ProjectConfigurationPlatforms) = postSolution
		{237267C3-6C13-4AEF-A56A-A21F710E21E6}.Debug|Any CPU.ActiveCfg = Debug|Any CPU
		{237267C3-6C13-4AEF-A56A-A21F710E21E6}.Debug|Any CPU.Build.0 = Debug|Any CPU
		{237267C3-6C13-4AEF-A56A-A21F710E21E6}.Release|Any CPU.ActiveCfg = Release|Any CPU
		{237267C3-6C13-4AEF-A56A-A21F710E21E6}.Release|Any CPU.Build.0 = Release|Any CPU
	EndGlobalSection
	GlobalSection(SolutionProperties) = preSolution
		HideSolutionNode = FALSE
	EndGlobalSection
	GlobalSection(ExtensibilityGlobals) = postSolution
		SolutionGuid = {7C4F438D-8119-47A2-8E45-16C6DBDBED38}
	EndGlobalSection
EndGlobal
